
Microsoft Visual Studio Solution File, Format Version 12.00
# Visual Studio Version 16
VisualStudioVersion = 16.0.28902.138
MinimumVisualStudioVersion = 10.0.40219.1
Project("{FAE04EC0-301F-11D3-BF4B-00C04F79EFBC}") = "Kakemons.Android", "Kakemons\Kakemons.Android\Kakemons.Android.csproj", "{F881251F-64C9-47EA-BCD5-2E1E2B0EEC3A}"
EndProject
Project("{FAE04EC0-301F-11D3-BF4B-00C04F79EFBC}") = "Kakemons.iOS", "Kakemons\Kakemons.iOS\Kakemons.iOS.csproj", "{2D8E76F7-9DEF-4585-A833-15C9B7A6AA94}"
EndProject
Project("{FAE04EC0-301F-11D3-BF4B-00C04F79EFBC}") = "Kakemons.UI", "Kakemons\Kakemons\Kakemons.UI.csproj", "{58794B6F-C062-4A47-925D-B74B39C3C7C2}"
EndProject
Project("{FAE04EC0-301F-11D3-BF4B-00C04F79EFBC}") = "Kakemons.Core", "Kakemons.Core\Kakemons.Core.csproj", "{AEF93EA9-8D89-4477-A0C6-D10ED6600052}"
EndProject
Project("{9A19103F-16F7-4668-BE54-9A1E7A4F7556}") = "Kakemons.Common", "Kakemons.Common\Kakemons.Common.csproj", "{D313F7D9-39BE-4540-91DE-E44FA791667C}"
EndProject
Project("{9A19103F-16F7-4668-BE54-9A1E7A4F7556}") = "Kakemons.SDK", "Kakemons.SDK\Kakemons.SDK.csproj", "{E1FE9912-9EC1-4930-9A80-275B828CDFFC}"
EndProject
Global
	GlobalSection(SolutionConfigurationPlatforms) = preSolution
		Debug|Any CPU = Debug|Any CPU
		Debug|iPhone = Debug|iPhone
		Debug|iPhoneSimulator = Debug|iPhoneSimulator
		Release|Any CPU = Release|Any CPU
		Release|iPhone = Release|iPhone
		Release|iPhoneSimulator = Release|iPhoneSimulator
		Staging|Any CPU = Staging|Any CPU
		Staging|iPhone = Staging|iPhone
		Staging|iPhoneSimulator = Staging|iPhoneSimulator
	EndGlobalSection
	GlobalSection(ProjectConfigurationPlatforms) = postSolution
		{F881251F-64C9-47EA-BCD5-2E1E2B0EEC3A}.Debug|Any CPU.ActiveCfg = Debug|Any CPU
		{F881251F-64C9-47EA-BCD5-2E1E2B0EEC3A}.Debug|Any CPU.Build.0 = Debug|Any CPU
		{F881251F-64C9-47EA-BCD5-2E1E2B0EEC3A}.Debug|Any CPU.Deploy.0 = Debug|Any CPU
		{F881251F-64C9-47EA-BCD5-2E1E2B0EEC3A}.Debug|iPhone.ActiveCfg = Debug|Any CPU
		{F881251F-64C9-47EA-BCD5-2E1E2B0EEC3A}.Debug|iPhone.Build.0 = Debug|Any CPU
		{F881251F-64C9-47EA-BCD5-2E1E2B0EEC3A}.Debug|iPhone.Deploy.0 = Debug|Any CPU
		{F881251F-64C9-47EA-BCD5-2E1E2B0EEC3A}.Debug|iPhoneSimulator.ActiveCfg = Debug|Any CPU
		{F881251F-64C9-47EA-BCD5-2E1E2B0EEC3A}.Debug|iPhoneSimulator.Build.0 = Debug|Any CPU
		{F881251F-64C9-47EA-BCD5-2E1E2B0EEC3A}.Debug|iPhoneSimulator.Deploy.0 = Debug|Any CPU
		{F881251F-64C9-47EA-BCD5-2E1E2B0EEC3A}.Release|Any CPU.ActiveCfg = Release|Any CPU
		{F881251F-64C9-47EA-BCD5-2E1E2B0EEC3A}.Release|Any CPU.Build.0 = Release|Any CPU
		{F881251F-64C9-47EA-BCD5-2E1E2B0EEC3A}.Release|Any CPU.Deploy.0 = Release|Any CPU
		{F881251F-64C9-47EA-BCD5-2E1E2B0EEC3A}.Release|iPhone.ActiveCfg = Release|Any CPU
		{F881251F-64C9-47EA-BCD5-2E1E2B0EEC3A}.Release|iPhone.Build.0 = Release|Any CPU
		{F881251F-64C9-47EA-BCD5-2E1E2B0EEC3A}.Release|iPhone.Deploy.0 = Release|Any CPU
		{F881251F-64C9-47EA-BCD5-2E1E2B0EEC3A}.Release|iPhoneSimulator.ActiveCfg = Release|Any CPU
		{F881251F-64C9-47EA-BCD5-2E1E2B0EEC3A}.Release|iPhoneSimulator.Build.0 = Release|Any CPU
		{F881251F-64C9-47EA-BCD5-2E1E2B0EEC3A}.Release|iPhoneSimulator.Deploy.0 = Release|Any CPU
		{F881251F-64C9-47EA-BCD5-2E1E2B0EEC3A}.Staging|Any CPU.ActiveCfg = Release|Any CPU
		{F881251F-64C9-47EA-BCD5-2E1E2B0EEC3A}.Staging|Any CPU.Build.0 = Release|Any CPU
		{F881251F-64C9-47EA-BCD5-2E1E2B0EEC3A}.Staging|Any CPU.Deploy.0 = Release|Any CPU
		{F881251F-64C9-47EA-BCD5-2E1E2B0EEC3A}.Staging|iPhone.ActiveCfg = Release|Any CPU
		{F881251F-64C9-47EA-BCD5-2E1E2B0EEC3A}.Staging|iPhone.Build.0 = Release|Any CPU
		{F881251F-64C9-47EA-BCD5-2E1E2B0EEC3A}.Staging|iPhone.Deploy.0 = Release|Any CPU
		{F881251F-64C9-47EA-BCD5-2E1E2B0EEC3A}.Staging|iPhoneSimulator.ActiveCfg = Release|Any CPU
		{F881251F-64C9-47EA-BCD5-2E1E2B0EEC3A}.Staging|iPhoneSimulator.Build.0 = Release|Any CPU
		{F881251F-64C9-47EA-BCD5-2E1E2B0EEC3A}.Staging|iPhoneSimulator.Deploy.0 = Release|Any CPU
		{2D8E76F7-9DEF-4585-A833-15C9B7A6AA94}.Debug|Any CPU.ActiveCfg = Debug|iPhoneSimulator
		{2D8E76F7-9DEF-4585-A833-15C9B7A6AA94}.Debug|Any CPU.Build.0 = Debug|iPhoneSimulator
		{2D8E76F7-9DEF-4585-A833-15C9B7A6AA94}.Debug|Any CPU.Deploy.0 = Debug|iPhoneSimulator
		{2D8E76F7-9DEF-4585-A833-15C9B7A6AA94}.Debug|iPhone.ActiveCfg = Debug|iPhone
		{2D8E76F7-9DEF-4585-A833-15C9B7A6AA94}.Debug|iPhone.Build.0 = Debug|iPhone
		{2D8E76F7-9DEF-4585-A833-15C9B7A6AA94}.Debug|iPhone.Deploy.0 = Debug|iPhone
		{2D8E76F7-9DEF-4585-A833-15C9B7A6AA94}.Debug|iPhoneSimulator.ActiveCfg = Debug|iPhoneSimulator
		{2D8E76F7-9DEF-4585-A833-15C9B7A6AA94}.Debug|iPhoneSimulator.Build.0 = Debug|iPhoneSimulator
		{2D8E76F7-9DEF-4585-A833-15C9B7A6AA94}.Debug|iPhoneSimulator.Deploy.0 = Debug|iPhoneSimulator
		{2D8E76F7-9DEF-4585-A833-15C9B7A6AA94}.Release|Any CPU.ActiveCfg = Release|iPhone
		{2D8E76F7-9DEF-4585-A833-15C9B7A6AA94}.Release|Any CPU.Build.0 = Release|iPhone
		{2D8E76F7-9DEF-4585-A833-15C9B7A6AA94}.Release|Any CPU.Deploy.0 = Release|iPhone
		{2D8E76F7-9DEF-4585-A833-15C9B7A6AA94}.Release|iPhone.ActiveCfg = Release|iPhone
		{2D8E76F7-9DEF-4585-A833-15C9B7A6AA94}.Release|iPhone.Build.0 = Release|iPhone
		{2D8E76F7-9DEF-4585-A833-15C9B7A6AA94}.Release|iPhone.Deploy.0 = Release|iPhone
		{2D8E76F7-9DEF-4585-A833-15C9B7A6AA94}.Release|iPhoneSimulator.ActiveCfg = Release|iPhoneSimulator
		{2D8E76F7-9DEF-4585-A833-15C9B7A6AA94}.Release|iPhoneSimulator.Build.0 = Release|iPhoneSimulator
		{2D8E76F7-9DEF-4585-A833-15C9B7A6AA94}.Release|iPhoneSimulator.Deploy.0 = Release|iPhoneSimulator
		{2D8E76F7-9DEF-4585-A833-15C9B7A6AA94}.Staging|Any CPU.ActiveCfg = Release|iPhone
		{2D8E76F7-9DEF-4585-A833-15C9B7A6AA94}.Staging|Any CPU.Build.0 = Release|iPhone
		{2D8E76F7-9DEF-4585-A833-15C9B7A6AA94}.Staging|iPhone.ActiveCfg = Release|iPhone
		{2D8E76F7-9DEF-4585-A833-15C9B7A6AA94}.Staging|iPhone.Build.0 = Release|iPhone
		{2D8E76F7-9DEF-4585-A833-15C9B7A6AA94}.Staging|iPhoneSimulator.ActiveCfg = Release|iPhoneSimulator
		{2D8E76F7-9DEF-4585-A833-15C9B7A6AA94}.Staging|iPhoneSimulator.Build.0 = Release|iPhoneSimulator
		{58794B6F-C062-4A47-925D-B74B39C3C7C2}.Debug|Any CPU.ActiveCfg = Debug|Any CPU
		{58794B6F-C062-4A47-925D-B74B39C3C7C2}.Debug|Any CPU.Build.0 = Debug|Any CPU
		{58794B6F-C062-4A47-925D-B74B39C3C7C2}.Debug|Any CPU.Deploy.0 = Debug|Any CPU
		{58794B6F-C062-4A47-925D-B74B39C3C7C2}.Debug|iPhone.ActiveCfg = Debug|Any CPU
		{58794B6F-C062-4A47-925D-B74B39C3C7C2}.Debug|iPhone.Build.0 = Debug|Any CPU
		{58794B6F-C062-4A47-925D-B74B39C3C7C2}.Debug|iPhone.Deploy.0 = Debug|Any CPU
		{58794B6F-C062-4A47-925D-B74B39C3C7C2}.Debug|iPhoneSimulator.ActiveCfg = Debug|Any CPU
		{58794B6F-C062-4A47-925D-B74B39C3C7C2}.Debug|iPhoneSimulator.Build.0 = Debug|Any CPU
		{58794B6F-C062-4A47-925D-B74B39C3C7C2}.Debug|iPhoneSimulator.Deploy.0 = Debug|Any CPU
		{58794B6F-C062-4A47-925D-B74B39C3C7C2}.Release|Any CPU.ActiveCfg = Release|Any CPU
		{58794B6F-C062-4A47-925D-B74B39C3C7C2}.Release|Any CPU.Build.0 = Release|Any CPU
		{58794B6F-C062-4A47-925D-B74B39C3C7C2}.Release|Any CPU.Deploy.0 = Release|Any CPU
		{58794B6F-C062-4A47-925D-B74B39C3C7C2}.Release|iPhone.ActiveCfg = Release|Any CPU
		{58794B6F-C062-4A47-925D-B74B39C3C7C2}.Release|iPhone.Build.0 = Release|Any CPU
		{58794B6F-C062-4A47-925D-B74B39C3C7C2}.Release|iPhone.Deploy.0 = Release|Any CPU
		{58794B6F-C062-4A47-925D-B74B39C3C7C2}.Release|iPhoneSimulator.ActiveCfg = Release|Any CPU
		{58794B6F-C062-4A47-925D-B74B39C3C7C2}.Release|iPhoneSimulator.Build.0 = Release|Any CPU
		{58794B6F-C062-4A47-925D-B74B39C3C7C2}.Release|iPhoneSimulator.Deploy.0 = Release|Any CPU
		{58794B6F-C062-4A47-925D-B74B39C3C7C2}.Staging|Any CPU.ActiveCfg = Debug|Any CPU
		{58794B6F-C062-4A47-925D-B74B39C3C7C2}.Staging|Any CPU.Build.0 = Debug|Any CPU
		{58794B6F-C062-4A47-925D-B74B39C3C7C2}.Staging|iPhone.ActiveCfg = Debug|Any CPU
		{58794B6F-C062-4A47-925D-B74B39C3C7C2}.Staging|iPhone.Build.0 = Debug|Any CPU
		{58794B6F-C062-4A47-925D-B74B39C3C7C2}.Staging|iPhoneSimulator.ActiveCfg = Debug|Any CPU
		{58794B6F-C062-4A47-925D-B74B39C3C7C2}.Staging|iPhoneSimulator.Build.0 = Debug|Any CPU
		{AEF93EA9-8D89-4477-A0C6-D10ED6600052}.Debug|Any CPU.ActiveCfg = Debug|Any CPU
		{AEF93EA9-8D89-4477-A0C6-D10ED6600052}.Debug|Any CPU.Build.0 = Debug|Any CPU
		{AEF93EA9-8D89-4477-A0C6-D10ED6600052}.Debug|iPhone.ActiveCfg = Debug|Any CPU
		{AEF93EA9-8D89-4477-A0C6-D10ED6600052}.Debug|iPhone.Build.0 = Debug|Any CPU
		{AEF93EA9-8D89-4477-A0C6-D10ED6600052}.Debug|iPhoneSimulator.ActiveCfg = Debug|Any CPU
		{AEF93EA9-8D89-4477-A0C6-D10ED6600052}.Debug|iPhoneSimulator.Build.0 = Debug|Any CPU
		{AEF93EA9-8D89-4477-A0C6-D10ED6600052}.Release|Any CPU.ActiveCfg = Release|Any CPU
		{AEF93EA9-8D89-4477-A0C6-D10ED6600052}.Release|Any CPU.Build.0 = Release|Any CPU
		{AEF93EA9-8D89-4477-A0C6-D10ED6600052}.Release|iPhone.ActiveCfg = Release|Any CPU
		{AEF93EA9-8D89-4477-A0C6-D10ED6600052}.Release|iPhone.Build.0 = Release|Any CPU
		{AEF93EA9-8D89-4477-A0C6-D10ED6600052}.Release|iPhoneSimulator.ActiveCfg = Release|Any CPU
		{AEF93EA9-8D89-4477-A0C6-D10ED6600052}.Release|iPhoneSimulator.Build.0 = Release|Any CPU
		{AEF93EA9-8D89-4477-A0C6-D10ED6600052}.Staging|Any CPU.ActiveCfg = Debug|Any CPU
		{AEF93EA9-8D89-4477-A0C6-D10ED6600052}.Staging|Any CPU.Build.0 = Debug|Any CPU
		{AEF93EA9-8D89-4477-A0C6-D10ED6600052}.Staging|iPhone.ActiveCfg = Debug|Any CPU
		{AEF93EA9-8D89-4477-A0C6-D10ED6600052}.Staging|iPhone.Build.0 = Debug|Any CPU
		{AEF93EA9-8D89-4477-A0C6-D10ED6600052}.Staging|iPhoneSimulator.ActiveCfg = Debug|Any CPU
		{AEF93EA9-8D89-4477-A0C6-D10ED6600052}.Staging|iPhoneSimulator.Build.0 = Debug|Any CPU
		{D313F7D9-39BE-4540-91DE-E44FA791667C}.Debug|Any CPU.ActiveCfg = Debug|Any CPU
		{D313F7D9-39BE-4540-91DE-E44FA791667C}.Debug|Any CPU.Build.0 = Debug|Any CPU
		{D313F7D9-39BE-4540-91DE-E44FA791667C}.Debug|iPhone.ActiveCfg = Debug|Any CPU
		{D313F7D9-39BE-4540-91DE-E44FA791667C}.Debug|iPhone.Build.0 = Debug|Any CPU
		{D313F7D9-39BE-4540-91DE-E44FA791667C}.Debug|iPhoneSimulator.ActiveCfg = Debug|Any CPU
		{D313F7D9-39BE-4540-91DE-E44FA791667C}.Debug|iPhoneSimulator.Build.0 = Debug|Any CPU
		{D313F7D9-39BE-4540-91DE-E44FA791667C}.Release|Any CPU.ActiveCfg = Release|Any CPU
		{D313F7D9-39BE-4540-91DE-E44FA791667C}.Release|Any CPU.Build.0 = Release|Any CPU
		{D313F7D9-39BE-4540-91DE-E44FA791667C}.Release|iPhone.ActiveCfg = Release|Any CPU
		{D313F7D9-39BE-4540-91DE-E44FA791667C}.Release|iPhone.Build.0 = Release|Any CPU
		{D313F7D9-39BE-4540-91DE-E44FA791667C}.Release|iPhoneSimulator.ActiveCfg = Release|Any CPU
		{D313F7D9-39BE-4540-91DE-E44FA791667C}.Release|iPhoneSimulator.Build.0 = Release|Any CPU
		{D313F7D9-39BE-4540-91DE-E44FA791667C}.Staging|Any CPU.ActiveCfg = Staging|Any CPU
		{D313F7D9-39BE-4540-91DE-E44FA791667C}.Staging|Any CPU.Build.0 = Staging|Any CPU
		{D313F7D9-39BE-4540-91DE-E44FA791667C}.Staging|iPhone.ActiveCfg = Staging|Any CPU
		{D313F7D9-39BE-4540-91DE-E44FA791667C}.Staging|iPhone.Build.0 = Staging|Any CPU
		{D313F7D9-39BE-4540-91DE-E44FA791667C}.Staging|iPhoneSimulator.ActiveCfg = Staging|Any CPU
		{D313F7D9-39BE-4540-91DE-E44FA791667C}.Staging|iPhoneSimulator.Build.0 = Staging|Any CPU
		{E1FE9912-9EC1-4930-9A80-275B828CDFFC}.Debug|Any CPU.ActiveCfg = Debug|Any CPU
		{E1FE9912-9EC1-4930-9A80-275B828CDFFC}.Debug|Any CPU.Build.0 = Debug|Any CPU
		{E1FE9912-9EC1-4930-9A80-275B828CDFFC}.Debug|iPhone.ActiveCfg = Debug|Any CPU
		{E1FE9912-9EC1-4930-9A80-275B828CDFFC}.Debug|iPhone.Build.0 = Debug|Any CPU
		{E1FE9912-9EC1-4930-9A80-275B828CDFFC}.Debug|iPhoneSimulator.ActiveCfg = Debug|Any CPU
		{E1FE9912-9EC1-4930-9A80-275B828CDFFC}.Debug|iPhoneSimulator.Build.0 = Debug|Any CPU
		{E1FE9912-9EC1-4930-9A80-275B828CDFFC}.Release|Any CPU.ActiveCfg = Release|Any CPU
		{E1FE9912-9EC1-4930-9A80-275B828CDFFC}.Release|Any CPU.Build.0 = Release|Any CPU
		{E1FE9912-9EC1-4930-9A80-275B828CDFFC}.Release|iPhone.ActiveCfg = Release|Any CPU
		{E1FE9912-9EC1-4930-9A80-275B828CDFFC}.Release|iPhone.Build.0 = Release|Any CPU
		{E1FE9912-9EC1-4930-9A80-275B828CDFFC}.Release|iPhoneSimulator.ActiveCfg = Release|Any CPU
		{E1FE9912-9EC1-4930-9A80-275B828CDFFC}.Release|iPhoneSimulator.Build.0 = Release|Any CPU
		{E1FE9912-9EC1-4930-9A80-275B828CDFFC}.Staging|Any CPU.ActiveCfg = Staging|Any CPU
		{E1FE9912-9EC1-4930-9A80-275B828CDFFC}.Staging|Any CPU.Build.0 = Staging|Any CPU
		{E1FE9912-9EC1-4930-9A80-275B828CDFFC}.Staging|iPhone.ActiveCfg = Staging|Any CPU
		{E1FE9912-9EC1-4930-9A80-275B828CDFFC}.Staging|iPhone.Build.0 = Staging|Any CPU
		{E1FE9912-9EC1-4930-9A80-275B828CDFFC}.Staging|iPhoneSimulator.ActiveCfg = Staging|Any CPU
		{E1FE9912-9EC1-4930-9A80-275B828CDFFC}.Staging|iPhoneSimulator.Build.0 = Staging|Any CPU
	EndGlobalSection
	GlobalSection(SolutionProperties) = preSolution
		HideSolutionNode = FALSE
	EndGlobalSection
	GlobalSection(ExtensibilityGlobals) = postSolution
		SolutionGuid = {5ECAD4ED-FC1B-41A7-A77E-D5DA7D8A1CC9}
	EndGlobalSection
EndGlobal
